// !$*UTF8*$!
{
	archiveVersion = 1;
	classes = {
	};
	objectVersion = 55;
	objects = {

/* Begin PBXBuildFile section */
		0E1F729B283DF2B3001F8EDC /* AsyncSequenceWebSocketApp.swift in Sources */ = {isa = PBXBuildFile; fileRef = 0E1F729A283DF2B3001F8EDC /* AsyncSequenceWebSocketApp.swift */; };
		0E1F729D283DF2B3001F8EDC /* ContentView.swift in Sources */ = {isa = PBXBuildFile; fileRef = 0E1F729C283DF2B3001F8EDC /* ContentView.swift */; };
		0E1F729F283DF2B5001F8EDC /* Assets.xcassets in Resources */ = {isa = PBXBuildFile; fileRef = 0E1F729E283DF2B5001F8EDC /* Assets.xcassets */; };
		0E1F72A2283DF2B5001F8EDC /* Preview Assets.xcassets in Resources */ = {isa = PBXBuildFile; fileRef = 0E1F72A1283DF2B5001F8EDC /* Preview Assets.xcassets */; };
		0E1F72A9283DF32F001F8EDC /* WebSocketStream.swift in Sources */ = {isa = PBXBuildFile; fileRef = 0E1F72A8283DF32F001F8EDC /* WebSocketStream.swift */; };
		0E1F72AB283E0259001F8EDC /* RequestEntity.swift in Sources */ = {isa = PBXBuildFile; fileRef = 0E1F72AA283E0259001F8EDC /* RequestEntity.swift */; };
		0E1F72AD283E0ED1001F8EDC /* WebSocketClient.swift in Sources */ = {isa = PBXBuildFile; fileRef = 0E1F72AC283E0ED1001F8EDC /* WebSocketClient.swift */; };
		0E1F72AF283E1951001F8EDC /* ResponseEntity.swift in Sources */ = {isa = PBXBuildFile; fileRef = 0E1F72AE283E1951001F8EDC /* ResponseEntity.swift */; };
		0E1F72B1283E1A4F001F8EDC /* ViewModel.swift in Sources */ = {isa = PBXBuildFile; fileRef = 0E1F72B0283E1A4F001F8EDC /* ViewModel.swift */; };
		0E1F72B3283E2A9D001F8EDC /* WebSocketError.swift in Sources */ = {isa = PBXBuildFile; fileRef = 0E1F72B2283E2A9D001F8EDC /* WebSocketError.swift */; };
/* End PBXBuildFile section */

/* Begin PBXFileReference section */
		0E1F7297283DF2B3001F8EDC /* AsyncSequenceWebSocket.app */ = {isa = PBXFileReference; explicitFileType = wrapper.application; includeInIndex = 0; path = AsyncSequenceWebSocket.app; sourceTree = BUILT_PRODUCTS_DIR; };
		0E1F729A283DF2B3001F8EDC /* AsyncSequenceWebSocketApp.swift */ = {isa = PBXFileReference; lastKnownFileType = sourcecode.swift; path = AsyncSequenceWebSocketApp.swift; sourceTree = "<group>"; };
		0E1F729C283DF2B3001F8EDC /* ContentView.swift */ = {isa = PBXFileReference; lastKnownFileType = sourcecode.swift; path = ContentView.swift; sourceTree = "<group>"; };
		0E1F729E283DF2B5001F8EDC /* Assets.xcassets */ = {isa = PBXFileReference; lastKnownFileType = folder.assetcatalog; path = Assets.xcassets; sourceTree = "<group>"; };
		0E1F72A1283DF2B5001F8EDC /* Preview Assets.xcassets */ = {isa = PBXFileReference; lastKnownFileType = folder.assetcatalog; path = "Preview Assets.xcassets"; sourceTree = "<group>"; };
		0E1F72A8283DF32F001F8EDC /* WebSocketStream.swift */ = {isa = PBXFileReference; lastKnownFileType = sourcecode.swift; path = WebSocketStream.swift; sourceTree = "<group>"; };
		0E1F72AA283E0259001F8EDC /* RequestEntity.swift */ = {isa = PBXFileReference; lastKnownFileType = sourcecode.swift; path = RequestEntity.swift; sourceTree = "<group>"; };
		0E1F72AC283E0ED1001F8EDC /* WebSocketClient.swift */ = {isa = PBXFileReference; lastKnownFileType = sourcecode.swift; path = WebSocketClient.swift; sourceTree = "<group>"; };
		0E1F72AE283E1951001F8EDC /* ResponseEntity.swift */ = {isa = PBXFileReference; lastKnownFileType = sourcecode.swift; path = ResponseEntity.swift; sourceTree = "<group>"; };
		0E1F72B0283E1A4F001F8EDC /* ViewModel.swift */ = {isa = PBXFileReference; lastKnownFileType = sourcecode.swift; path = ViewModel.swift; sourceTree = "<group>"; };
		0E1F72B2283E2A9D001F8EDC /* WebSocketError.swift */ = {isa = PBXFileReference; lastKnownFileType = sourcecode.swift; path = WebSocketError.swift; sourceTree = "<group>"; };
/* End PBXFileReference section */

/* Begin PBXFrameworksBuildPhase section */
		0E1F7294283DF2B3001F8EDC /* Frameworks */ = {
			isa = PBXFrameworksBuildPhase;
			buildActionMask = 2147483647;
			files = (
			);
			runOnlyForDeploymentPostprocessing = 0;
		};
/* End PBXFrameworksBuildPhase section */

/* Begin PBXGroup section */
		0E1F728E283DF2B3001F8EDC = {
			isa = PBXGroup;
			children = (
				0E1F7299283DF2B3001F8EDC /* AsyncSequenceWebSocket */,
				0E1F7298283DF2B3001F8EDC /* Products */,
			);
			sourceTree = "<group>";
		};
		0E1F7298283DF2B3001F8EDC /* Products */ = {
			isa = PBXGroup;
			children = (
				0E1F7297283DF2B3001F8EDC /* AsyncSequenceWebSocket.app */,
			);
			name = Products;
			sourceTree = "<group>";
		};
		0E1F7299283DF2B3001F8EDC /* AsyncSequenceWebSocket */ = {
			isa = PBXGroup;
			children = (
				0E1F729A283DF2B3001F8EDC /* AsyncSequenceWebSocketApp.swift */,
				0E1F72B8283E2ACC001F8EDC /* Client */,
				0E1F72B7283E2AC8001F8EDC /* View */,
				0E1F72B6283E2AC1001F8EDC /* ViewModel */,
				0E1F72B5283E2AB2001F8EDC /* Model */,
				0E1F72B4283E2AAC001F8EDC /* Error */,
				0E1F729E283DF2B5001F8EDC /* Assets.xcassets */,
				0E1F72A0283DF2B5001F8EDC /* Preview Content */,
			);
			path = AsyncSequenceWebSocket;
			sourceTree = "<group>";
		};
		0E1F72A0283DF2B5001F8EDC /* Preview Content */ = {
			isa = PBXGroup;
			children = (
				0E1F72A1283DF2B5001F8EDC /* Preview Assets.xcassets */,
			);
			path = "Preview Content";
			sourceTree = "<group>";
		};
		0E1F72B4283E2AAC001F8EDC /* Error */ = {
			isa = PBXGroup;
			children = (
				0E1F72B2283E2A9D001F8EDC /* WebSocketError.swift */,
			);
			path = Error;
			sourceTree = "<group>";
		};
		0E1F72B5283E2AB2001F8EDC /* Model */ = {
			isa = PBXGroup;
			children = (
				0E1F72AA283E0259001F8EDC /* RequestEntity.swift */,
				0E1F72AE283E1951001F8EDC /* ResponseEntity.swift */,
			);
			path = Model;
			sourceTree = "<group>";
		};
		0E1F72B6283E2AC1001F8EDC /* ViewModel */ = {
			isa = PBXGroup;
			children = (
				0E1F72B0283E1A4F001F8EDC /* ViewModel.swift */,
			);
			path = ViewModel;
			sourceTree = "<group>";
		};
		0E1F72B7283E2AC8001F8EDC /* View */ = {
			isa = PBXGroup;
			children = (
				0E1F729C283DF2B3001F8EDC /* ContentView.swift */,
			);
			path = View;
			sourceTree = "<group>";
		};
		0E1F72B8283E2ACC001F8EDC /* Client */ = {
			isa = PBXGroup;
			children = (
				0E1F72AC283E0ED1001F8EDC /* WebSocketClient.swift */,
				0E1F72A8283DF32F001F8EDC /* WebSocketStream.swift */,
			);
			path = Client;
			sourceTree = "<group>";
		};
/* End PBXGroup section */

/* Begin PBXNativeTarget section */
		0E1F7296283DF2B3001F8EDC /* AsyncSequenceWebSocket */ = {
			isa = PBXNativeTarget;
			buildConfigurationList = 0E1F72A5283DF2B5001F8EDC /* Build configuration list for PBXNativeTarget "AsyncSequenceWebSocket" */;
			buildPhases = (
				0E1F7293283DF2B3001F8EDC /* Sources */,
				0E1F7294283DF2B3001F8EDC /* Frameworks */,
				0E1F7295283DF2B3001F8EDC /* Resources */,
			);
			buildRules = (
			);
			dependencies = (
			);
			name = AsyncSequenceWebSocket;
			productName = AsyncSequenceWebSocket;
			productReference = 0E1F7297283DF2B3001F8EDC /* AsyncSequenceWebSocket.app */;
			productType = "com.apple.product-type.application";
		};
/* End PBXNativeTarget section */

/* Begin PBXProject section */
		0E1F728F283DF2B3001F8EDC /* Project object */ = {
			isa = PBXProject;
			attributes = {
				BuildIndependentTargetsInParallel = 1;
				LastSwiftUpdateCheck = 1340;
				LastUpgradeCheck = 1340;
				TargetAttributes = {
					0E1F7296283DF2B3001F8EDC = {
						CreatedOnToolsVersion = 13.4;
					};
				};
			};
			buildConfigurationList = 0E1F7292283DF2B3001F8EDC /* Build configuration list for PBXProject "AsyncSequenceWebSocket" */;
			compatibilityVersion = "Xcode 13.0";
			developmentRegion = en;
			hasScannedForEncodings = 0;
			knownRegions = (
				en,
				Base,
			);
			mainGroup = 0E1F728E283DF2B3001F8EDC;
			productRefGroup = 0E1F7298283DF2B3001F8EDC /* Products */;
			projectDirPath = "";
			projectRoot = "";
			targets = (
				0E1F7296283DF2B3001F8EDC /* AsyncSequenceWebSocket */,
			);
		};
/* End PBXProject section */

/* Begin PBXResourcesBuildPhase section */
		0E1F7295283DF2B3001F8EDC /* Resources */ = {
			isa = PBXResourcesBuildPhase;
			buildActionMask = 2147483647;
			files = (
				0E1F72A2283DF2B5001F8EDC /* Preview Assets.xcassets in Resources */,
				0E1F729F283DF2B5001F8EDC /* Assets.xcassets in Resources */,
			);
			runOnlyForDeploymentPostprocessing = 0;
		};
/* End PBXResourcesBuildPhase section */

/* Begin PBXSourcesBuildPhase section */
		0E1F7293283DF2B3001F8EDC /* Sources */ = {
			isa = PBXSourcesBuildPhase;
			buildActionMask = 2147483647;
			files = (
				0E1F72B3283E2A9D001F8EDC /* WebSocketError.swift in Sources */,
				0E1F72AD283E0ED1001F8EDC /* WebSocketClient.swift in Sources */,
				0E1F729D283DF2B3001F8EDC /* ContentView.swift in Sources */,
				0E1F72A9283DF32F001F8EDC /* WebSocketStream.swift in Sources */,
				0E1F72AF283E1951001F8EDC /* ResponseEntity.swift in Sources */,
				0E1F72AB283E0259001F8EDC /* RequestEntity.swift in Sources */,
				0E1F729B283DF2B3001F8EDC /* AsyncSequenceWebSocketApp.swift in Sources */,
				0E1F72B1283E1A4F001F8EDC /* ViewModel.swift in Sources */,
			);
			runOnlyForDeploymentPostprocessing = 0;
		};
/* End PBXSourcesBuildPhase section */

/* Begin XCBuildConfiguration section */
		0E1F72A3283DF2B5001F8EDC /* Debug */ = {
			isa = XCBuildConfiguration;
			buildSettings = {
				ALWAYS_SEARCH_USER_PATHS = NO;
				CLANG_ANALYZER_NONNULL = YES;
				CLANG_ANALYZER_NUMBER_OBJECT_CONVERSION = YES_AGGRESSIVE;
				CLANG_CXX_LANGUAGE_STANDARD = "gnu++17";
				CLANG_ENABLE_MODULES = YES;
				CLANG_ENABLE_OBJC_ARC = YES;
				CLANG_ENABLE_OBJC_WEAK = YES;
				CLANG_WARN_BLOCK_CAPTURE_AUTORELEASING = YES;
				CLANG_WARN_BOOL_CONVERSION = YES;
				CLANG_WARN_COMMA = YES;
				CLANG_WARN_CONSTANT_CONVERSION = YES;
				CLANG_WARN_DEPRECATED_OBJC_IMPLEMENTATIONS = YES;
				CLANG_WARN_DIRECT_OBJC_ISA_USAGE = YES_ERROR;
				CLANG_WARN_DOCUMENTATION_COMMENTS = YES;
				CLANG_WARN_EMPTY_BODY = YES;
				CLANG_WARN_ENUM_CONVERSION = YES;
				CLANG_WARN_INFINITE_RECURSION = YES;
				CLANG_WARN_INT_CONVERSION = YES;
				CLANG_WARN_NON_LITERAL_NULL_CONVERSION = YES;
				CLANG_WARN_OBJC_IMPLICIT_RETAIN_SELF = YES;
				CLANG_WARN_OBJC_LITERAL_CONVERSION = YES;
				CLANG_WARN_OBJC_ROOT_CLASS = YES_ERROR;
				CLANG_WARN_QUOTED_INCLUDE_IN_FRAMEWORK_HEADER = YES;
				CLANG_WARN_RANGE_LOOP_ANALYSIS = YES;
				CLANG_WARN_STRICT_PROTOTYPES = YES;
				CLANG_WARN_SUSPICIOUS_MOVE = YES;
				CLANG_WARN_UNGUARDED_AVAILABILITY = YES_AGGRESSIVE;
				CLANG_WARN_UNREACHABLE_CODE = YES;
				CLANG_WARN__DUPLICATE_METHOD_MATCH = YES;
				COPY_PHASE_STRIP = NO;
				DEBUG_INFORMATION_FORMAT = dwarf;
				ENABLE_STRICT_OBJC_MSGSEND = YES;
				ENABLE_TESTABILITY = YES;
				GCC_C_LANGUAGE_STANDARD = gnu11;
				GCC_DYNAMIC_NO_PIC = NO;
				GCC_NO_COMMON_BLOCKS = YES;
				GCC_OPTIMIZATION_LEVEL = 0;
				GCC_PREPROCESSOR_DEFINITIONS = (
					"DEBUG=1",
					"$(inherited)",
				);
				GCC_WARN_64_TO_32_BIT_CONVERSION = YES;
				GCC_WARN_ABOUT_RETURN_TYPE = YES_ERROR;
				GCC_WARN_UNDECLARED_SELECTOR = YES;
				GCC_WARN_UNINITIALIZED_AUTOS = YES_AGGRESSIVE;
				GCC_WARN_UNUSED_FUNCTION = YES;
				GCC_WARN_UNUSED_VARIABLE = YES;
				IPHONEOS_DEPLOYMENT_TARGET = 15.5;
				MTL_ENABLE_DEBUG_INFO = INCLUDE_SOURCE;
				MTL_FAST_MATH = YES;
				ONLY_ACTIVE_ARCH = YES;
				SDKROOT = iphoneos;
				SWIFT_ACTIVE_COMPILATION_CONDITIONS = DEBUG;
				SWIFT_OPTIMIZATION_LEVEL = "-Onone";
			};
			name = Debug;
		};
		0E1F72A4283DF2B5001F8EDC /* Release */ = {
			isa = XCBuildConfiguration;
			buildSettings = {
				ALWAYS_SEARCH_USER_PATHS = NO;
				CLANG_ANALYZER_NONNULL = YES;
				CLANG_ANALYZER_NUMBER_OBJECT_CONVERSION = YES_AGGRESSIVE;
				CLANG_CXX_LANGUAGE_STANDARD = "gnu++17";
				CLANG_ENABLE_MODULES = YES;
				CLANG_ENABLE_OBJC_ARC = YES;
				CLANG_ENABLE_OBJC_WEAK = YES;
				CLANG_WARN_BLOCK_CAPTURE_AUTORELEASING = YES;
				CLANG_WARN_BOOL_CONVERSION = YES;
				CLANG_WARN_COMMA = YES;
				CLANG_WARN_CONSTANT_CONVERSION = YES;
				CLANG_WARN_DEPRECATED_OBJC_IMPLEMENTATIONS = YES;
				CLANG_WARN_DIRECT_OBJC_ISA_USAGE = YES_ERROR;
				CLANG_WARN_DOCUMENTATION_COMMENTS = YES;
				CLANG_WARN_EMPTY_BODY = YES;
				CLANG_WARN_ENUM_CONVERSION = YES;
				CLANG_WARN_INFINITE_RECURSION = YES;
				CLANG_WARN_INT_CONVERSION = YES;
				CLANG_WARN_NON_LITERAL_NULL_CONVERSION = YES;
				CLANG_WARN_OBJC_IMPLICIT_RETAIN_SELF = YES;
				CLANG_WARN_OBJC_LITERAL_CONVERSION = YES;
				CLANG_WARN_OBJC_ROOT_CLASS = YES_ERROR;
				CLANG_WARN_QUOTED_INCLUDE_IN_FRAMEWORK_HEADER = YES;
				CLANG_WARN_RANGE_LOOP_ANALYSIS = YES;
				CLANG_WARN_STRICT_PROTOTYPES = YES;
				CLANG_WARN_SUSPICIOUS_MOVE = YES;
				CLANG_WARN_UNGUARDED_AVAILABILITY = YES_AGGRESSIVE;
				CLANG_WARN_UNREACHABLE_CODE = YES;
				CLANG_WARN__DUPLICATE_METHOD_MATCH = YES;
				COPY_PHASE_STRIP = NO;
				DEBUG_INFORMATION_FORMAT = "dwarf-with-dsym";
				ENABLE_NS_ASSERTIONS = NO;
				ENABLE_STRICT_OBJC_MSGSEND = YES;
				GCC_C_LANGUAGE_STANDARD = gnu11;
				GCC_NO_COMMON_BLOCKS = YES;
				GCC_WARN_64_TO_32_BIT_CONVERSION = YES;
				GCC_WARN_ABOUT_RETURN_TYPE = YES_ERROR;
				GCC_WARN_UNDECLARED_SELECTOR = YES;
				GCC_WARN_UNINITIALIZED_AUTOS = YES_AGGRESSIVE;
				GCC_WARN_UNUSED_FUNCTION = YES;
				GCC_WARN_UNUSED_VARIABLE = YES;
				IPHONEOS_DEPLOYMENT_TARGET = 15.5;
				MTL_ENABLE_DEBUG_INFO = NO;
				MTL_FAST_MATH = YES;
				SDKROOT = iphoneos;
				SWIFT_COMPILATION_MODE = wholemodule;
				SWIFT_OPTIMIZATION_LEVEL = "-O";
				VALIDATE_PRODUCT = YES;
			};
			name = Release;
		};
		0E1F72A6283DF2B5001F8EDC /* Debug */ = {
			isa = XCBuildConfiguration;
			buildSettings = {
				ASSETCATALOG_COMPILER_APPICON_NAME = AppIcon;
				ASSETCATALOG_COMPILER_GLOBAL_ACCENT_COLOR_NAME = AccentColor;
				CODE_SIGN_STYLE = Automatic;
				CURRENT_PROJECT_VERSION = 1;
				DEVELOPMENT_ASSET_PATHS = "\"AsyncSequenceWebSocket/Preview Content\"";
				DEVELOPMENT_TEAM = R6YNJ9HW8W;
				ENABLE_PREVIEWS = YES;
				GENERATE_INFOPLIST_FILE = YES;
				INFOPLIST_KEY_UIApplicationSceneManifest_Generation = YES;
				INFOPLIST_KEY_UIApplicationSupportsIndirectInputEvents = YES;
				INFOPLIST_KEY_UILaunchScreen_Generation = YES;
				INFOPLIST_KEY_UISupportedInterfaceOrientations_iPad = "UIInterfaceOrientationPortrait UIInterfaceOrientationPortraitUpsideDown UIInterfaceOrientationLandscapeLeft UIInterfaceOrientationLandscapeRight";
				INFOPLIST_KEY_UISupportedInterfaceOrientations_iPhone = "UIInterfaceOrientationPortrait UIInterfaceOrientationLandscapeLeft UIInterfaceOrientationLandscapeRight";
				LD_RUNPATH_SEARCH_PATHS = (
					"$(inherited)",
					"@executable_path/Frameworks",
				);
				MARKETING_VERSION = 1.0;
				PRODUCT_BUNDLE_IDENTIFIER = "com.k-aoki.AsyncSequenceWebSocket";
				PRODUCT_NAME = "$(TARGET_NAME)";
				SWIFT_EMIT_LOC_STRINGS = YES;
				SWIFT_VERSION = 5.0;
				TARGETED_DEVICE_FAMILY = "1,2";
			};
			name = Debug;
		};
		0E1F72A7283DF2B5001F8EDC /* Release */ = {
			isa = XCBuildConfiguration;
			buildSettings = {
				ASSETCATALOG_COMPILER_APPICON_NAME = AppIcon;
				ASSETCATALOG_COMPILER_GLOBAL_ACCENT_COLOR_NAME = AccentColor;
				CODE_SIGN_STYLE = Automatic;
				CURRENT_PROJECT_VERSION = 1;
				DEVELOPMENT_ASSET_PATHS = "\"AsyncSequenceWebSocket/Preview Content\"";
				DEVELOPMENT_TEAM = R6YNJ9HW8W;
				ENABLE_PREVIEWS = YES;
				GENERATE_INFOPLIST_FILE = YES;
				INFOPLIST_KEY_UIApplicationSceneManifest_Generation = YES;
				INFOPLIST_KEY_UIApplicationSupportsIndirectInputEvents = YES;
				INFOPLIST_KEY_UILaunchScreen_Generation = YES;
				INFOPLIST_KEY_UISupportedInterfaceOrientations_iPad = "UIInterfaceOrientationPortrait UIInterfaceOrientationPortraitUpsideDown UIInterfaceOrientationLandscapeLeft UIInterfaceOrientationLandscapeRight";
				INFOPLIST_KEY_UISupportedInterfaceOrientations_iPhone = "UIInterfaceOrientationPortrait UIInterfaceOrientationLandscapeLeft UIInterfaceOrientationLandscapeRight";
				LD_RUNPATH_SEARCH_PATHS = (
					"$(inherited)",
					"@executable_path/Frameworks",
				);
				MARKETING_VERSION = 1.0;
				PRODUCT_BUNDLE_IDENTIFIER = "com.k-aoki.AsyncSequenceWebSocket";
				PRODUCT_NAME = "$(TARGET_NAME)";
				SWIFT_EMIT_LOC_STRINGS = YES;
				SWIFT_VERSION = 5.0;
				TARGETED_DEVICE_FAMILY = "1,2";
			};
			name = Release;
		};
/* End XCBuildConfiguration section */

/* Begin XCConfigurationList section */
		0E1F7292283DF2B3001F8EDC /* Build configuration list for PBXProject "AsyncSequenceWebSocket" */ = {
			isa = XCConfigurationList;
			buildConfigurations = (
				0E1F72A3283DF2B5001F8EDC /* Debug */,
				0E1F72A4283DF2B5001F8EDC /* Release */,
			);
			defaultConfigurationIsVisible = 0;
			defaultConfigurationName = Release;
		};
		0E1F72A5283DF2B5001F8EDC /* Build configuration list for PBXNativeTarget "AsyncSequenceWebSocket" */ = {
			isa = XCConfigurationList;
			buildConfigurations = (
				0E1F72A6283DF2B5001F8EDC /* Debug */,
				0E1F72A7283DF2B5001F8EDC /* Release */,
			);
			defaultConfigurationIsVisible = 0;
			defaultConfigurationName = Release;
		};
/* End XCConfigurationList section */
	};
	rootObject = 0E1F728F283DF2B3001F8EDC /* Project object */;
}
